
Microsoft Visual Studio Solution File, Format Version 12.00
# Visual Studio Version 16
VisualStudioVersion = 16.0.29728.190
MinimumVisualStudioVersion = 10.0.40219.1
Project("{FAE04EC0-301F-11D3-BF4B-00C04F79EFBC}") = "McGyversAdventure", "McGyversAdventure\McGyversAdventure.csproj", "{2643F5A9-2818-414D-8CC5-DEC4FF0FE432}"
EndProject
Global
	GlobalSection(SolutionConfigurationPlatforms) = preSolution
		Debug|Any CPU = Debug|Any CPU
		Release|Any CPU = Release|Any CPU
	EndGlobalSection
	GlobalSection(ProjectConfigurationPlatforms) = postSolution
		{2643F5A9-2818-414D-8CC5-DEC4FF0FE432}.Debug|Any CPU.ActiveCfg = Debug|Any CPU
		{2643F5A9-2818-414D-8CC5-DEC4FF0FE432}.Debug|Any CPU.Build.0 = Debug|Any CPU
		{2643F5A9-2818-414D-8CC5-DEC4FF0FE432}.Release|Any CPU.ActiveCfg = Release|Any CPU
		{2643F5A9-2818-414D-8CC5-DEC4FF0FE432}.Release|Any CPU.Build.0 = Release|Any CPU
	EndGlobalSection
	GlobalSection(SolutionProperties) = preSolution
		HideSolutionNode = FALSE
	EndGlobalSection
	GlobalSection(ExtensibilityGlobals) = postSolution
		SolutionGuid = {D3EBA091-3170-4B15-AF98-97C2C4973F50}
	EndGlobalSection
EndGlobal
